// !$*UTF8*$!
{
	archiveVersion = 1;
	classes = {
	};
	objectVersion = 50;
	objects = {

/* Begin PBXBuildFile section */
		436CA5D622B803D7007838FE /* AppDelegate.swift in Sources */ = {isa = PBXBuildFile; fileRef = 436CA5D522B803D7007838FE /* AppDelegate.swift */; };
		436CA5D822B803D7007838FE /* ViewController.swift in Sources */ = {isa = PBXBuildFile; fileRef = 436CA5D722B803D7007838FE /* ViewController.swift */; };
		436CA5DD22B803D9007838FE /* Assets.xcassets in Resources */ = {isa = PBXBuildFile; fileRef = 436CA5DC22B803D9007838FE /* Assets.xcassets */; };
		436CA5E022B803D9007838FE /* LaunchScreen.storyboard in Resources */ = {isa = PBXBuildFile; fileRef = 436CA5DE22B803D9007838FE /* LaunchScreen.storyboard */; };
		436CA5E822B823C8007838FE /* ChatView.swift in Sources */ = {isa = PBXBuildFile; fileRef = 436CA5E722B823C8007838FE /* ChatView.swift */; };
		436CA5EA22B82612007838FE /* PageViewController.swift in Sources */ = {isa = PBXBuildFile; fileRef = 436CA5E922B82612007838FE /* PageViewController.swift */; };
		436CA5EC22B8301F007838FE /* AuthModalView.swift in Sources */ = {isa = PBXBuildFile; fileRef = 436CA5EB22B8301F007838FE /* AuthModalView.swift */; };
		436CA5EE22B83794007838FE /* SettingsView.swift in Sources */ = {isa = PBXBuildFile; fileRef = 436CA5ED22B83794007838FE /* SettingsView.swift */; };
/* End PBXBuildFile section */

/* Begin PBXFileReference section */
		436CA5D222B803D7007838FE /* Twister.app */ = {isa = PBXFileReference; explicitFileType = wrapper.application; includeInIndex = 0; path = Twister.app; sourceTree = BUILT_PRODUCTS_DIR; };
		436CA5D522B803D7007838FE /* AppDelegate.swift */ = {isa = PBXFileReference; lastKnownFileType = sourcecode.swift; path = AppDelegate.swift; sourceTree = "<group>"; };
		436CA5D722B803D7007838FE /* ViewController.swift */ = {isa = PBXFileReference; lastKnownFileType = sourcecode.swift; path = ViewController.swift; sourceTree = "<group>"; };
		436CA5DC22B803D9007838FE /* Assets.xcassets */ = {isa = PBXFileReference; lastKnownFileType = folder.assetcatalog; path = Assets.xcassets; sourceTree = "<group>"; };
		436CA5DF22B803D9007838FE /* Base */ = {isa = PBXFileReference; lastKnownFileType = file.storyboard; name = Base; path = Base.lproj/LaunchScreen.storyboard; sourceTree = "<group>"; };
		436CA5E122B803D9007838FE /* Info.plist */ = {isa = PBXFileReference; lastKnownFileType = text.plist.xml; path = Info.plist; sourceTree = "<group>"; };
		436CA5E722B823C8007838FE /* ChatView.swift */ = {isa = PBXFileReference; lastKnownFileType = sourcecode.swift; path = ChatView.swift; sourceTree = "<group>"; };
		436CA5E922B82612007838FE /* PageViewController.swift */ = {isa = PBXFileReference; lastKnownFileType = sourcecode.swift; path = PageViewController.swift; sourceTree = "<group>"; };
		436CA5EB22B8301F007838FE /* AuthModalView.swift */ = {isa = PBXFileReference; lastKnownFileType = sourcecode.swift; path = AuthModalView.swift; sourceTree = "<group>"; };
		436CA5ED22B83794007838FE /* SettingsView.swift */ = {isa = PBXFileReference; lastKnownFileType = sourcecode.swift; path = SettingsView.swift; sourceTree = "<group>"; };
/* End PBXFileReference section */

/* Begin PBXFrameworksBuildPhase section */
		436CA5CF22B803D7007838FE /* Frameworks */ = {
			isa = PBXFrameworksBuildPhase;
			buildActionMask = 2147483647;
			files = (
			);
			runOnlyForDeploymentPostprocessing = 0;
		};
/* End PBXFrameworksBuildPhase section */

/* Begin PBXGroup section */
		436CA5C922B803D7007838FE = {
			isa = PBXGroup;
			children = (
				436CA5D422B803D7007838FE /* Twister */,
				436CA5D322B803D7007838FE /* Products */,
			);
			sourceTree = "<group>";
		};
		436CA5D322B803D7007838FE /* Products */ = {
			isa = PBXGroup;
			children = (
				436CA5D222B803D7007838FE /* Twister.app */,
			);
			name = Products;
			sourceTree = "<group>";
		};
		436CA5D422B803D7007838FE /* Twister */ = {
			isa = PBXGroup;
			children = (
				436CA5D522B803D7007838FE /* AppDelegate.swift */,
				436CA5D722B803D7007838FE /* ViewController.swift */,
				436CA5DC22B803D9007838FE /* Assets.xcassets */,
				436CA5DE22B803D9007838FE /* LaunchScreen.storyboard */,
				436CA5E122B803D9007838FE /* Info.plist */,
				436CA5E722B823C8007838FE /* ChatView.swift */,
				436CA5E922B82612007838FE /* PageViewController.swift */,
				436CA5EB22B8301F007838FE /* AuthModalView.swift */,
				436CA5ED22B83794007838FE /* SettingsView.swift */,
			);
			path = Twister;
			sourceTree = "<group>";
		};
/* End PBXGroup section */

/* Begin PBXNativeTarget section */
		436CA5D122B803D7007838FE /* Twister */ = {
			isa = PBXNativeTarget;
			buildConfigurationList = 436CA5E422B803D9007838FE /* Build configuration list for PBXNativeTarget "Twister" */;
			buildPhases = (
				436CA5CE22B803D7007838FE /* Sources */,
				436CA5CF22B803D7007838FE /* Frameworks */,
				436CA5D022B803D7007838FE /* Resources */,
			);
			buildRules = (
			);
			dependencies = (
			);
			name = Twister;
			productName = Twister;
			productReference = 436CA5D222B803D7007838FE /* Twister.app */;
			productType = "com.apple.product-type.application";
		};
/* End PBXNativeTarget section */

/* Begin PBXProject section */
		436CA5CA22B803D7007838FE /* Project object */ = {
			isa = PBXProject;
			attributes = {
				LastSwiftUpdateCheck = 1020;
				LastUpgradeCheck = 1020;
				ORGANIZATIONNAME = twist;
				TargetAttributes = {
					436CA5D122B803D7007838FE = {
						CreatedOnToolsVersion = 10.2.1;
					};
				};
			};
			buildConfigurationList = 436CA5CD22B803D7007838FE /* Build configuration list for PBXProject "Twister" */;
			compatibilityVersion = "Xcode 9.3";
			developmentRegion = en;
			hasScannedForEncodings = 0;
			knownRegions = (
				en,
				Base,
			);
			mainGroup = 436CA5C922B803D7007838FE;
			productRefGroup = 436CA5D322B803D7007838FE /* Products */;
			projectDirPath = "";
			projectRoot = "";
			targets = (
				436CA5D122B803D7007838FE /* Twister */,
			);
		};
/* End PBXProject section */

/* Begin PBXResourcesBuildPhase section */
		436CA5D022B803D7007838FE /* Resources */ = {
			isa = PBXResourcesBuildPhase;
			buildActionMask = 2147483647;
			files = (
				436CA5E022B803D9007838FE /* LaunchScreen.storyboard in Resources */,
				436CA5DD22B803D9007838FE /* Assets.xcassets in Resources */,
			);
			runOnlyForDeploymentPostprocessing = 0;
		};
/* End PBXResourcesBuildPhase section */

/* Begin PBXSourcesBuildPhase section */
		436CA5CE22B803D7007838FE /* Sources */ = {
			isa = PBXSourcesBuildPhase;
			buildActionMask = 2147483647;
			files = (
				436CA5D822B803D7007838FE /* ViewController.swift in Sources */,
				436CA5E822B823C8007838FE /* ChatView.swift in Sources */,
				436CA5D622B803D7007838FE /* AppDelegate.swift in Sources */,
				436CA5EE22B83794007838FE /* SettingsView.swift in Sources */,
				436CA5EA22B82612007838FE /* PageViewController.swift in Sources */,
				436CA5EC22B8301F007838FE /* AuthModalView.swift in Sources */,
			);
			runOnlyForDeploymentPostprocessing = 0;
		};
/* End PBXSourcesBuildPhase section */

/* Begin PBXVariantGroup section */
		436CA5DE22B803D9007838FE /* LaunchScreen.storyboard */ = {
			isa = PBXVariantGroup;
			children = (
				436CA5DF22B803D9007838FE /* Base */,
			);
			name = LaunchScreen.storyboard;
			sourceTree = "<group>";
		};
/* End PBXVariantGroup section */

/* Begin XCBuildConfiguration section */
		436CA5E222B803D9007838FE /* Debug */ = {
			isa = XCBuildConfiguration;
			buildSettings = {
				ALWAYS_SEARCH_USER_PATHS = NO;
				CLANG_ANALYZER_NONNULL = YES;
				CLANG_ANALYZER_NUMBER_OBJECT_CONVERSION = YES_AGGRESSIVE;
				CLANG_CXX_LANGUAGE_STANDARD = "gnu++14";
				CLANG_CXX_LIBRARY = "libc++";
				CLANG_ENABLE_MODULES = YES;
				CLANG_ENABLE_OBJC_ARC = YES;
				CLANG_ENABLE_OBJC_WEAK = YES;
				CLANG_WARN_BLOCK_CAPTURE_AUTORELEASING = YES;
				CLANG_WARN_BOOL_CONVERSION = YES;
				CLANG_WARN_COMMA = YES;
				CLANG_WARN_CONSTANT_CONVERSION = YES;
				CLANG_WARN_DEPRECATED_OBJC_IMPLEMENTATIONS = YES;
				CLANG_WARN_DIRECT_OBJC_ISA_USAGE = YES_ERROR;
				CLANG_WARN_DOCUMENTATION_COMMENTS = YES;
				CLANG_WARN_EMPTY_BODY = YES;
				CLANG_WARN_ENUM_CONVERSION = YES;
				CLANG_WARN_INFINITE_RECURSION = YES;
				CLANG_WARN_INT_CONVERSION = YES;
				CLANG_WARN_NON_LITERAL_NULL_CONVERSION = YES;
				CLANG_WARN_OBJC_IMPLICIT_RETAIN_SELF = YES;
				CLANG_WARN_OBJC_LITERAL_CONVERSION = YES;
				CLANG_WARN_OBJC_ROOT_CLASS = YES_ERROR;
				CLANG_WARN_RANGE_LOOP_ANALYSIS = YES;
				CLANG_WARN_STRICT_PROTOTYPES = YES;
				CLANG_WARN_SUSPICIOUS_MOVE = YES;
				CLANG_WARN_UNGUARDED_AVAILABILITY = YES_AGGRESSIVE;
				CLANG_WARN_UNREACHABLE_CODE = YES;
				CLANG_WARN__DUPLICATE_METHOD_MATCH = YES;
				CODE_SIGN_IDENTITY = "iPhone Developer";
				COPY_PHASE_STRIP = NO;
				DEBUG_INFORMATION_FORMAT = dwarf;
				ENABLE_STRICT_OBJC_MSGSEND = YES;
				ENABLE_TESTABILITY = YES;
				GCC_C_LANGUAGE_STANDARD = gnu11;
				GCC_DYNAMIC_NO_PIC = NO;
				GCC_NO_COMMON_BLOCKS = YES;
				GCC_OPTIMIZATION_LEVEL = 0;
				GCC_PREPROCESSOR_DEFINITIONS = (
					"DEBUG=1",
					"$(inherited)",
				);
				GCC_WARN_64_TO_32_BIT_CONVERSION = YES;
				GCC_WARN_ABOUT_RETURN_TYPE = YES_ERROR;
				GCC_WARN_UNDECLARED_SELECTOR = YES;
				GCC_WARN_UNINITIALIZED_AUTOS = YES_AGGRESSIVE;
				GCC_WARN_UNUSED_FUNCTION = YES;
				GCC_WARN_UNUSED_VARIABLE = YES;
				IPHONEOS_DEPLOYMENT_TARGET = 12.2;
				MTL_ENABLE_DEBUG_INFO = INCLUDE_SOURCE;
				MTL_FAST_MATH = YES;
				ONLY_ACTIVE_ARCH = YES;
				SDKROOT = iphoneos;
				SWIFT_ACTIVE_COMPILATION_CONDITIONS = DEBUG;
				SWIFT_OPTIMIZATION_LEVEL = "-Onone";
			};
			name = Debug;
		};
		436CA5E322B803D9007838FE /* Release */ = {
			isa = XCBuildConfiguration;
			buildSettings = {
				ALWAYS_SEARCH_USER_PATHS = NO;
				CLANG_ANALYZER_NONNULL = YES;
				CLANG_ANALYZER_NUMBER_OBJECT_CONVERSION = YES_AGGRESSIVE;
				CLANG_CXX_LANGUAGE_STANDARD = "gnu++14";
				CLANG_CXX_LIBRARY = "libc++";
				CLANG_ENABLE_MODULES = YES;
				CLANG_ENABLE_OBJC_ARC = YES;
				CLANG_ENABLE_OBJC_WEAK = YES;
				CLANG_WARN_BLOCK_CAPTURE_AUTORELEASING = YES;
				CLANG_WARN_BOOL_CONVERSION = YES;
				CLANG_WARN_COMMA = YES;
				CLANG_WARN_CONSTANT_CONVERSION = YES;
				CLANG_WARN_DEPRECATED_OBJC_IMPLEMENTATIONS = YES;
				CLANG_WARN_DIRECT_OBJC_ISA_USAGE = YES_ERROR;
				CLANG_WARN_DOCUMENTATION_COMMENTS = YES;
				CLANG_WARN_EMPTY_BODY = YES;
				CLANG_WARN_ENUM_CONVERSION = YES;
				CLANG_WARN_INFINITE_RECURSION = YES;
				CLANG_WARN_INT_CONVERSION = YES;
				CLANG_WARN_NON_LITERAL_NULL_CONVERSION = YES;
				CLANG_WARN_OBJC_IMPLICIT_RETAIN_SELF = YES;
				CLANG_WARN_OBJC_LITERAL_CONVERSION = YES;
				CLANG_WARN_OBJC_ROOT_CLASS = YES_ERROR;
				CLANG_WARN_RANGE_LOOP_ANALYSIS = YES;
				CLANG_WARN_STRICT_PROTOTYPES = YES;
				CLANG_WARN_SUSPICIOUS_MOVE = YES;
				CLANG_WARN_UNGUARDED_AVAILABILITY = YES_AGGRESSIVE;
				CLANG_WARN_UNREACHABLE_CODE = YES;
				CLANG_WARN__DUPLICATE_METHOD_MATCH = YES;
				CODE_SIGN_IDENTITY = "iPhone Developer";
				COPY_PHASE_STRIP = NO;
				DEBUG_INFORMATION_FORMAT = "dwarf-with-dsym";
				ENABLE_NS_ASSERTIONS = NO;
				ENABLE_STRICT_OBJC_MSGSEND = YES;
				GCC_C_LANGUAGE_STANDARD = gnu11;
				GCC_NO_COMMON_BLOCKS = YES;
				GCC_WARN_64_TO_32_BIT_CONVERSION = YES;
				GCC_WARN_ABOUT_RETURN_TYPE = YES_ERROR;
				GCC_WARN_UNDECLARED_SELECTOR = YES;
				GCC_WARN_UNINITIALIZED_AUTOS = YES_AGGRESSIVE;
				GCC_WARN_UNUSED_FUNCTION = YES;
				GCC_WARN_UNUSED_VARIABLE = YES;
				IPHONEOS_DEPLOYMENT_TARGET = 12.2;
				MTL_ENABLE_DEBUG_INFO = NO;
				MTL_FAST_MATH = YES;
				SDKROOT = iphoneos;
				SWIFT_COMPILATION_MODE = wholemodule;
				SWIFT_OPTIMIZATION_LEVEL = "-O";
				VALIDATE_PRODUCT = YES;
			};
			name = Release;
		};
		436CA5E522B803D9007838FE /* Debug */ = {
			isa = XCBuildConfiguration;
			buildSettings = {
				ASSETCATALOG_COMPILER_APPICON_NAME = AppIcon;
				CODE_SIGN_STYLE = Automatic;
				DEVELOPMENT_TEAM = DTUGNB9TLU;
				INFOPLIST_FILE = Twister/Info.plist;
				LD_RUNPATH_SEARCH_PATHS = (
					"$(inherited)",
					"@executable_path/Frameworks",
				);
				PRODUCT_BUNDLE_IDENTIFIER = com.twist.Twister;
				PRODUCT_NAME = "$(TARGET_NAME)";
				SWIFT_VERSION = 5.0;
				TARGETED_DEVICE_FAMILY = "1,2";
			};
			name = Debug;
		};
		436CA5E622B803D9007838FE /* Release */ = {
			isa = XCBuildConfiguration;
			buildSettings = {
				ASSETCATALOG_COMPILER_APPICON_NAME = AppIcon;
				CODE_SIGN_STYLE = Automatic;
				DEVELOPMENT_TEAM = DTUGNB9TLU;
				INFOPLIST_FILE = Twister/Info.plist;
				LD_RUNPATH_SEARCH_PATHS = (
					"$(inherited)",
					"@executable_path/Frameworks",
				);
				PRODUCT_BUNDLE_IDENTIFIER = com.twist.Twister;
				PRODUCT_NAME = "$(TARGET_NAME)";
				SWIFT_VERSION = 5.0;
				TARGETED_DEVICE_FAMILY = "1,2";
			};
			name = Release;
		};
/* End XCBuildConfiguration section */

/* Begin XCConfigurationList section */
		436CA5CD22B803D7007838FE /* Build configuration list for PBXProject "Twister" */ = {
			isa = XCConfigurationList;
			buildConfigurations = (
				436CA5E222B803D9007838FE /* Debug */,
				436CA5E322B803D9007838FE /* Release */,
			);
			defaultConfigurationIsVisible = 0;
			defaultConfigurationName = Release;
		};
		436CA5E422B803D9007838FE /* Build configuration list for PBXNativeTarget "Twister" */ = {
			isa = XCConfigurationList;
			buildConfigurations = (
				436CA5E522B803D9007838FE /* Debug */,
				436CA5E622B803D9007838FE /* Release */,
			);
			defaultConfigurationIsVisible = 0;
			defaultConfigurationName = Release;
		};
/* End XCConfigurationList section */
	};
	rootObject = 436CA5CA22B803D7007838FE /* Project object */;
}
